
Microsoft Visual Studio Solution File, Format Version 12.00
Project("{FAE04EC0-301F-11D3-BF4B-00C04F79EFBC}") = "BusTicket", "BusTicket.csproj", "{E566DEF4-58E9-49BC-8792-323F2FD755C9}"
EndProject
Global
	GlobalSection(SolutionConfigurationPlatforms) = preSolution
		Debug|Any CPU = Debug|Any CPU
		Release|Any CPU = Release|Any CPU
	EndGlobalSection
	GlobalSection(ProjectConfigurationPlatforms) = postSolution
		{E566DEF4-58E9-49BC-8792-323F2FD755C9}.Debug|Any CPU.ActiveCfg = Debug|Any CPU
		{E566DEF4-58E9-49BC-8792-323F2FD755C9}.Debug|Any CPU.Build.0 = Debug|Any CPU
		{E566DEF4-58E9-49BC-8792-323F2FD755C9}.Release|Any CPU.ActiveCfg = Release|Any CPU
		{E566DEF4-58E9-49BC-8792-323F2FD755C9}.Release|Any CPU.Build.0 = Release|Any CPU
	EndGlobalSection
EndGlobal
